
Microsoft Visual Studio Solution File, Format Version 12.00
# Visual Studio Version 17
VisualStudioVersion = 17.9.34622.214
MinimumVisualStudioVersion = 10.0.40219.1
Project("{FAE04EC0-301F-11D3-BF4B-00C04F79EFBC}") = "DesafioStefanini", "DesafioStefanini\DesafioStefanini.csproj", "{22D8993E-0DC0-46C7-BC99-7141DA4A815D}"
EndProject
Global
	GlobalSection(SolutionConfigurationPlatforms) = preSolution
		Debug|Any CPU = Debug|Any CPU
		Release|Any CPU = Release|Any CPU
	EndGlobalSection
	GlobalSection(ProjectConfigurationPlatforms) = postSolution
		{22D8993E-0DC0-46C7-BC99-7141DA4A815D}.Debug|Any CPU.ActiveCfg = Debug|Any CPU
		{22D8993E-0DC0-46C7-BC99-7141DA4A815D}.Debug|Any CPU.Build.0 = Debug|Any CPU
		{22D8993E-0DC0-46C7-BC99-7141DA4A815D}.Release|Any CPU.ActiveCfg = Release|Any CPU
		{22D8993E-0DC0-46C7-BC99-7141DA4A815D}.Release|Any CPU.Build.0 = Release|Any CPU
	EndGlobalSection
	GlobalSection(SolutionProperties) = preSolution
		HideSolutionNode = FALSE
	EndGlobalSection
	GlobalSection(ExtensibilityGlobals) = postSolution
		SolutionGuid = {667CC0EF-31AD-4CB9-90E6-8DF6A2E82FD2}
	EndGlobalSection
EndGlobal
